
Microsoft Visual Studio Solution File, Format Version 12.00
# Visual Studio 2012
Project("{FAE04EC0-301F-11D3-BF4B-00C04F79EFBC}") = "PunchoutWebsite", "PunchoutWebsite\PunchoutWebsite.csproj", "{58D34837-10A5-4BBA-B9B4-1C29A36911E5}"
EndProject
Global
	GlobalSection(SolutionConfigurationPlatforms) = preSolution
		Debug|Any CPU = Debug|Any CPU
		Release|Any CPU = Release|Any CPU
	EndGlobalSection
	GlobalSection(ProjectConfigurationPlatforms) = postSolution
		{58D34837-10A5-4BBA-B9B4-1C29A36911E5}.Debug|Any CPU.ActiveCfg = Debug|Any CPU
		{58D34837-10A5-4BBA-B9B4-1C29A36911E5}.Debug|Any CPU.Build.0 = Debug|Any CPU
		{58D34837-10A5-4BBA-B9B4-1C29A36911E5}.Release|Any CPU.ActiveCfg = Release|Any CPU
		{58D34837-10A5-4BBA-B9B4-1C29A36911E5}.Release|Any CPU.Build.0 = Release|Any CPU
	EndGlobalSection
EndGlobal
